
Microsoft Visual Studio Solution File, Format Version 12.00
# Visual Studio Version 17
VisualStudioVersion = 17.3.32804.467
MinimumVisualStudioVersion = 10.0.40219.1
Project("{9A19103F-16F7-4668-BE54-9A1E7A4F7556}") = "DomainModels", "DomainModels\DomainModels.csproj", "{E971F5A6-1B84-4035-8EC6-A032B58C008F}"
EndProject
Project("{9A19103F-16F7-4668-BE54-9A1E7A4F7556}") = "DomainServices", "DomainServices\DomainServices.csproj", "{06D92ABA-CD2C-4B23-B6A0-743093431565}"
	ProjectSection(ProjectDependencies) = postProject
		{E971F5A6-1B84-4035-8EC6-A032B58C008F} = {E971F5A6-1B84-4035-8EC6-A032B58C008F}
	EndProjectSection
EndProject
Project("{9A19103F-16F7-4668-BE54-9A1E7A4F7556}") = "AppServices", "AppServices\AppServices.csproj", "{44BE6342-6D5A-4C60-BA84-ACF22F36B840}"
	ProjectSection(ProjectDependencies) = postProject
		{06D92ABA-CD2C-4B23-B6A0-743093431565} = {06D92ABA-CD2C-4B23-B6A0-743093431565}
		{E971F5A6-1B84-4035-8EC6-A032B58C008F} = {E971F5A6-1B84-4035-8EC6-A032B58C008F}
	EndProjectSection
EndProject
Project("{9A19103F-16F7-4668-BE54-9A1E7A4F7556}") = "CustomersAPI", "CostumersAPI\CustomersAPI.csproj", "{47D46E3B-4B13-45B7-9331-E0CB9CCEB4EF}"
EndProject
Project("{FAE04EC0-301F-11D3-BF4B-00C04F79EFBC}") = "Infrastructure.Data", "Infrastructure.Data\Infrastructure.Data.csproj", "{0DCC9CE1-938A-4519-8189-A79DF19B758E}"
	ProjectSection(ProjectDependencies) = postProject
		{44BE6342-6D5A-4C60-BA84-ACF22F36B840} = {44BE6342-6D5A-4C60-BA84-ACF22F36B840}
	EndProjectSection
EndProject
Global
	GlobalSection(SolutionConfigurationPlatforms) = preSolution
		Debug|Any CPU = Debug|Any CPU
		Release|Any CPU = Release|Any CPU
	EndGlobalSection
	GlobalSection(ProjectConfigurationPlatforms) = postSolution
		{E971F5A6-1B84-4035-8EC6-A032B58C008F}.Debug|Any CPU.ActiveCfg = Debug|Any CPU
		{E971F5A6-1B84-4035-8EC6-A032B58C008F}.Debug|Any CPU.Build.0 = Debug|Any CPU
		{E971F5A6-1B84-4035-8EC6-A032B58C008F}.Release|Any CPU.ActiveCfg = Release|Any CPU
		{E971F5A6-1B84-4035-8EC6-A032B58C008F}.Release|Any CPU.Build.0 = Release|Any CPU
		{06D92ABA-CD2C-4B23-B6A0-743093431565}.Debug|Any CPU.ActiveCfg = Debug|Any CPU
		{06D92ABA-CD2C-4B23-B6A0-743093431565}.Debug|Any CPU.Build.0 = Debug|Any CPU
		{06D92ABA-CD2C-4B23-B6A0-743093431565}.Release|Any CPU.ActiveCfg = Release|Any CPU
		{06D92ABA-CD2C-4B23-B6A0-743093431565}.Release|Any CPU.Build.0 = Release|Any CPU
		{44BE6342-6D5A-4C60-BA84-ACF22F36B840}.Debug|Any CPU.ActiveCfg = Debug|Any CPU
		{44BE6342-6D5A-4C60-BA84-ACF22F36B840}.Debug|Any CPU.Build.0 = Debug|Any CPU
		{44BE6342-6D5A-4C60-BA84-ACF22F36B840}.Release|Any CPU.ActiveCfg = Release|Any CPU
		{44BE6342-6D5A-4C60-BA84-ACF22F36B840}.Release|Any CPU.Build.0 = Release|Any CPU
		{47D46E3B-4B13-45B7-9331-E0CB9CCEB4EF}.Debug|Any CPU.ActiveCfg = Debug|Any CPU
		{47D46E3B-4B13-45B7-9331-E0CB9CCEB4EF}.Debug|Any CPU.Build.0 = Debug|Any CPU
		{47D46E3B-4B13-45B7-9331-E0CB9CCEB4EF}.Release|Any CPU.ActiveCfg = Release|Any CPU
		{47D46E3B-4B13-45B7-9331-E0CB9CCEB4EF}.Release|Any CPU.Build.0 = Release|Any CPU
		{0DCC9CE1-938A-4519-8189-A79DF19B758E}.Debug|Any CPU.ActiveCfg = Debug|Any CPU
		{0DCC9CE1-938A-4519-8189-A79DF19B758E}.Debug|Any CPU.Build.0 = Debug|Any CPU
		{0DCC9CE1-938A-4519-8189-A79DF19B758E}.Release|Any CPU.ActiveCfg = Release|Any CPU
		{0DCC9CE1-938A-4519-8189-A79DF19B758E}.Release|Any CPU.Build.0 = Release|Any CPU
	EndGlobalSection
	GlobalSection(SolutionProperties) = preSolution
		HideSolutionNode = FALSE
	EndGlobalSection
	GlobalSection(ExtensibilityGlobals) = postSolution
		SolutionGuid = {D7EEB0D7-7ACE-466A-8F85-F49FEDFE7CDD}
	EndGlobalSection
EndGlobal
